
Microsoft Visual Studio Solution File, Format Version 12.00
# Visual Studio 14
VisualStudioVersion = 14.0.25420.1
MinimumVisualStudioVersion = 10.0.40219.1
Project("{FAE04EC0-301F-11D3-BF4B-00C04F79EFBC}") = "Common", "Common\Common.csproj", "{2679AF4D-23E1-4307-A6FF-A0E6AE2D7D11}"
EndProject
Project("{FAE04EC0-301F-11D3-BF4B-00C04F79EFBC}") = "DataGenerator", "DataGenerator\DataGenerator.csproj", "{F6F31BE0-2156-456E-A55B-027B3A687C76}"
EndProject
Project("{FAE04EC0-301F-11D3-BF4B-00C04F79EFBC}") = "ExternalSort", "ExternalSort\ExternalSort.csproj", "{0749633A-98BB-4CCA-952A-FF7924E6C04E}"
EndProject
Project("{FAE04EC0-301F-11D3-BF4B-00C04F79EFBC}") = "ExternalSort.Tests", "ExternalSort.Tests\ExternalSort.Tests.csproj", "{4766D233-FF65-468B-825D-4581CFC644D2}"
EndProject
Project("{FAE04EC0-301F-11D3-BF4B-00C04F79EFBC}") = "FileCopy", "FileCopy\FileCopy.csproj", "{58B111FD-4AB9-4F7C-8F82-2F62998338BA}"
EndProject
Global
	GlobalSection(SolutionConfigurationPlatforms) = preSolution
		Debug|Any CPU = Debug|Any CPU
		Release|Any CPU = Release|Any CPU
	EndGlobalSection
	GlobalSection(ProjectConfigurationPlatforms) = postSolution
		{2679AF4D-23E1-4307-A6FF-A0E6AE2D7D11}.Debug|Any CPU.ActiveCfg = Debug|Any CPU
		{2679AF4D-23E1-4307-A6FF-A0E6AE2D7D11}.Debug|Any CPU.Build.0 = Debug|Any CPU
		{2679AF4D-23E1-4307-A6FF-A0E6AE2D7D11}.Release|Any CPU.ActiveCfg = Release|Any CPU
		{2679AF4D-23E1-4307-A6FF-A0E6AE2D7D11}.Release|Any CPU.Build.0 = Release|Any CPU
		{F6F31BE0-2156-456E-A55B-027B3A687C76}.Debug|Any CPU.ActiveCfg = Debug|Any CPU
		{F6F31BE0-2156-456E-A55B-027B3A687C76}.Debug|Any CPU.Build.0 = Debug|Any CPU
		{F6F31BE0-2156-456E-A55B-027B3A687C76}.Release|Any CPU.ActiveCfg = Release|Any CPU
		{F6F31BE0-2156-456E-A55B-027B3A687C76}.Release|Any CPU.Build.0 = Release|Any CPU
		{0749633A-98BB-4CCA-952A-FF7924E6C04E}.Debug|Any CPU.ActiveCfg = Debug|Any CPU
		{0749633A-98BB-4CCA-952A-FF7924E6C04E}.Debug|Any CPU.Build.0 = Debug|Any CPU
		{0749633A-98BB-4CCA-952A-FF7924E6C04E}.Release|Any CPU.ActiveCfg = Release|Any CPU
		{0749633A-98BB-4CCA-952A-FF7924E6C04E}.Release|Any CPU.Build.0 = Release|Any CPU
		{4766D233-FF65-468B-825D-4581CFC644D2}.Debug|Any CPU.ActiveCfg = Debug|Any CPU
		{4766D233-FF65-468B-825D-4581CFC644D2}.Debug|Any CPU.Build.0 = Debug|Any CPU
		{4766D233-FF65-468B-825D-4581CFC644D2}.Release|Any CPU.ActiveCfg = Release|Any CPU
		{4766D233-FF65-468B-825D-4581CFC644D2}.Release|Any CPU.Build.0 = Release|Any CPU
		{58B111FD-4AB9-4F7C-8F82-2F62998338BA}.Debug|Any CPU.ActiveCfg = Debug|Any CPU
		{58B111FD-4AB9-4F7C-8F82-2F62998338BA}.Debug|Any CPU.Build.0 = Debug|Any CPU
		{58B111FD-4AB9-4F7C-8F82-2F62998338BA}.Release|Any CPU.ActiveCfg = Release|Any CPU
		{58B111FD-4AB9-4F7C-8F82-2F62998338BA}.Release|Any CPU.Build.0 = Release|Any CPU
	EndGlobalSection
	GlobalSection(SolutionProperties) = preSolution
		HideSolutionNode = FALSE
	EndGlobalSection
EndGlobal
